
Microsoft Visual Studio Solution File, Format Version 12.00
# Visual Studio Version 17
VisualStudioVersion = 17.4.33103.184
MinimumVisualStudioVersion = 10.0.40219.1
Project("{FAE04EC0-301F-11D3-BF4B-00C04F79EFBC}") = "Nasljedivanje-samostalni_rad", "Nasljedivanje-samostalni_rad.csproj", "{3EAE1C55-C878-4F6A-A580-6AE3E14950DC}"
EndProject
Global
	GlobalSection(SolutionConfigurationPlatforms) = preSolution
		Debug|Any CPU = Debug|Any CPU
		Release|Any CPU = Release|Any CPU
	EndGlobalSection
	GlobalSection(ProjectConfigurationPlatforms) = postSolution
		{3EAE1C55-C878-4F6A-A580-6AE3E14950DC}.Debug|Any CPU.ActiveCfg = Debug|Any CPU
		{3EAE1C55-C878-4F6A-A580-6AE3E14950DC}.Debug|Any CPU.Build.0 = Debug|Any CPU
		{3EAE1C55-C878-4F6A-A580-6AE3E14950DC}.Release|Any CPU.ActiveCfg = Release|Any CPU
		{3EAE1C55-C878-4F6A-A580-6AE3E14950DC}.Release|Any CPU.Build.0 = Release|Any CPU
	EndGlobalSection
	GlobalSection(SolutionProperties) = preSolution
		HideSolutionNode = FALSE
	EndGlobalSection
	GlobalSection(ExtensibilityGlobals) = postSolution
		SolutionGuid = {B951CB28-C2BE-4847-9323-B31601FDB8E6}
	EndGlobalSection
EndGlobal
